<?xml version="1.0" encoding="utf-8"?>
<Project ToolsVersion="4.0" xmlns="http://schemas.microsoft.com/developer/msbuild/2003">
  <ItemGroup>
    <Filter Include="Source Files">
      <UniqueIdentifier>{4FC737F1-C7A5-4376-A066-2A32D752A2FF}</UniqueIdentifier>
      <Extensions>cpp;c;cc;cxx;c++;cppm;ixx;def;odl;idl;hpj;bat;asm;asmx</Extensions>
    </Filter>
    <Filter Include="Header Files">
      <UniqueIdentifier>{93995380-89BD-4b04-88EB-625FBE52EBFB}</UniqueIdentifier>
      <Extensions>h;hh;hpp;hxx;h++;hm;inl;inc;ipp;xsd</Extensions>
    </Filter>
    <Filter Include="Resource Files">
      <UniqueIdentifier>{67DA6AB6-F800-4c08-8B7A-83BB121AAD01}</UniqueIdentifier>
      <Extensions>rc;ico;cur;bmp;dlg;rc2;rct;bin;rgs;gif;jpg;jpeg;jpe;resx;tiff;tif;png;wav;mfcribbon-ms</Extensions>
    </Filter>
    <Filter Include="Header Files\Base">
      <UniqueIdentifier>{d48f68ce-e759-432e-b59c-fe2fddeedd73}</UniqueIdentifier>
    </Filter>
    <Filter Include="Source Files\Base">
      <UniqueIdentifier>{837c7bbc-934f-47c5-a17e-ac2b1d512d3e}</UniqueIdentifier>
    </Filter>
    <Filter Include="Header Files\ThirdParty">
      <UniqueIdentifier>{1bff1885-dddd-4872-8b13-871086bff4eb}</UniqueIdentifier>
    </Filter>
    <Filter Include="Header Files\ThirdParty\ImGUI">
      <UniqueIdentifier>{e316a0b9-6bbe-47e8-af09-45df2a51716e}</UniqueIdentifier>
    </Filter>
    <Filter Include="Source Files\ThirdParty">
      <UniqueIdentifier>{89f41bb7-dbeb-4f82-b83a-3f4f3dc20992}</UniqueIdentifier>
    </Filter>
    <Filter Include="Source Files\ThirdParty\ImGUI">
      <UniqueIdentifier>{1ae9bb38-19c5-4fcb-8ea7-b32aca2b2b26}</UniqueIdentifier>
    </Filter>
    <Filter Include="Header Files\Core">
      <UniqueIdentifier>{688ac4f2-fc39-4157-90f0-fde56534b7d8}</UniqueIdentifier>
    </Filter>
    <Filter Include="Source Files\Core">
      <UniqueIdentifier>{282c9305-8f0a-47ff-a87a-6018ceefa380}</UniqueIdentifier>
    </Filter>
    <Filter Include="Header Files\Base\Component">
      <UniqueIdentifier>{26117c94-991a-4141-9fbb-af1e0138ee1b}</UniqueIdentifier>
    </Filter>
    <Filter Include="Source Files\Base\Component">
      <UniqueIdentifier>{fd765d43-6285-4bd6-ab28-7d8697295982}</UniqueIdentifier>
    </Filter>
    <Filter Include="Source Files\Core\Component">
      <UniqueIdentifier>{a660c845-d308-45ef-9712-23f8e6c6df1f}</UniqueIdentifier>
    </Filter>
    <Filter Include="Header Files\Core\Component">
      <UniqueIdentifier>{af5bf9a6-d0f5-44d6-a401-8f8ffe69828e}</UniqueIdentifier>
    </Filter>
    <Filter Include="Header Files\Base\Heap">
      <UniqueIdentifier>{d89e49fd-9578-414d-bd17-714c0bdf5aa5}</UniqueIdentifier>
    </Filter>
    <Filter Include="Source Files\Base\Heap">
      <UniqueIdentifier>{1e995a78-d0ae-433f-9f63-36a0f7c8aa9f}</UniqueIdentifier>
    </Filter>
    <Filter Include="Header Files\Core\GUI">
      <UniqueIdentifier>{1c655cce-de0d-4d1d-ab5c-af4590d00ce3}</UniqueIdentifier>
    </Filter>
    <Filter Include="Source Files\Core\GUI">
      <UniqueIdentifier>{02eabdbe-5b78-4bce-8760-f39cfe016429}</UniqueIdentifier>
    </Filter>
    <Filter Include="Source Files\Core\DrawContext">
      <UniqueIdentifier>{9a79c226-dbc9-44bf-9781-e6439cc8956f}</UniqueIdentifier>
    </Filter>
    <Filter Include="Header Files\Core\DrawContext">
      <UniqueIdentifier>{dcf93511-6acd-403c-91b0-404483030b34}</UniqueIdentifier>
    </Filter>
    <Filter Include="Header Files\Base\Resource">
      <UniqueIdentifier>{4ce0859e-34d5-4eb0-bda6-2618be2cf6d1}</UniqueIdentifier>
    </Filter>
    <Filter Include="Source Files\Base\Resource">
      <UniqueIdentifier>{47a7a943-81aa-4a57-b335-731640119a54}</UniqueIdentifier>
    </Filter>
    <Filter Include="Header Files\Base\Scene">
      <UniqueIdentifier>{905ee9b4-18c4-47cf-a44b-531f9b79dbf7}</UniqueIdentifier>
    </Filter>
    <Filter Include="Source Files\Base\Scene">
      <UniqueIdentifier>{37539f98-342f-4e7e-b89a-1f8e0117e09d}</UniqueIdentifier>
    </Filter>
    <Filter Include="Header Files\Core\Resource">
      <UniqueIdentifier>{cc790a2b-c8aa-4e4c-bf0c-7bb454f5e179}</UniqueIdentifier>
    </Filter>
    <Filter Include="Source Files\Core\Resource">
      <UniqueIdentifier>{3337fa0f-26df-4ba6-af49-cac085265b1e}</UniqueIdentifier>
    </Filter>
    <Filter Include="Header Files\Base\Asset">
      <UniqueIdentifier>{e7051933-87d9-48ff-a258-5700c2572e2b}</UniqueIdentifier>
    </Filter>
    <Filter Include="Source Files\Base\Asset">
      <UniqueIdentifier>{914cabc9-d558-4e79-ade4-1c4d59a5cf70}</UniqueIdentifier>
    </Filter>
    <Filter Include="Header Files\Util">
      <UniqueIdentifier>{b3d7c56f-0004-4d65-9db2-13b128024d60}</UniqueIdentifier>
    </Filter>
    <Filter Include="Source Files\Base\Util">
      <UniqueIdentifier>{43749cfa-7bc9-4024-8db7-990e1a793469}</UniqueIdentifier>
    </Filter>
    <Filter Include="Header Files\ThirdParty\spdlog">
      <UniqueIdentifier>{e6799ebe-b068-40f4-925f-90965ff6045e}</UniqueIdentifier>
    </Filter>
    <Filter Include="Source Files\ThirdParty\RecastDetour">
      <UniqueIdentifier>{c9e96e2a-761f-417a-b00c-390f4733c236}</UniqueIdentifier>
    </Filter>
    <Filter Include="Source Files\ThirdParty\RecastDetour\Recast">
      <UniqueIdentifier>{3e2d5bee-0090-4178-90c6-4883d7e88868}</UniqueIdentifier>
    </Filter>
    <Filter Include="Header Files\ThirdParty\RecastDetour">
      <UniqueIdentifier>{2242ef53-0e0d-44a2-9301-695f68c01b5e}</UniqueIdentifier>
    </Filter>
    <Filter Include="Header Files\ThirdParty\RecastDetour\Recast">
      <UniqueIdentifier>{f36a7991-2344-4bb3-b159-0e7e93201a68}</UniqueIdentifier>
    </Filter>
    <Filter Include="Header Files\Core\Navigation">
      <UniqueIdentifier>{ee835b4c-f63a-4b77-b3da-ad3cba817706}</UniqueIdentifier>
    </Filter>
    <Filter Include="Source Files\Core\Navigation">
      <UniqueIdentifier>{0ff27ca3-e000-4924-804c-b4dc09f967ee}</UniqueIdentifier>
    </Filter>
  </ItemGroup>
  <ItemGroup>
    <ClCompile Include="Main.cpp">
      <Filter>Source Files</Filter>
    </ClCompile>
    <ClCompile Include="Engine\Base\Asset\BaseAssetManager.cpp">
      <Filter>Source Files\Base\Asset</Filter>
    </ClCompile>
    <ClCompile Include="Engine\Base\Asset\BaseAssetMetadata.cpp">
      <Filter>Source Files\Base\Asset</Filter>
    </ClCompile>
    <ClCompile Include="Engine\Base\Asset\BaseAssetNode.cpp">
      <Filter>Source Files\Base\Asset</Filter>
    </ClCompile>
    <ClCompile Include="Engine\Base\Component\BaseMesh.cpp">
      <Filter>Source Files\Base\Component</Filter>
    </ClCompile>
    <ClCompile Include="Engine\Base\Component\BaseComponent.cpp">
      <Filter>Source Files\Base\Component</Filter>
    </ClCompile>
    <ClCompile Include="Engine\Base\BaseStagedBuffer.cpp">
      <Filter>Source Files\Base\Heap</Filter>
    </ClCompile>
    <ClCompile Include="Engine\Base\BaseUploadHeap.cpp">
      <Filter>Source Files\Base\Heap</Filter>
    </ClCompile>
    <ClCompile Include="Engine\Base\BaseMainHeap.cpp">
      <Filter>Source Files\Base\Heap</Filter>
    </ClCompile>
    <ClCompile Include="Engine\Base\BaseRuntimeHeap.cpp">
      <Filter>Source Files\Base\Heap</Filter>
    </ClCompile>
    <ClCompile Include="Engine\Base\BaseDescHeapHandle.cpp">
      <Filter>Source Files\Base\Heap</Filter>
    </ClCompile>
    <ClCompile Include="Engine\Base\Resource\BaseResourceMesh.cpp">
      <Filter>Source Files\Base\Resource</Filter>
    </ClCompile>
    <ClCompile Include="Engine\Base\Resource\BaseResource.cpp">
      <Filter>Source Files\Base\Resource</Filter>
    </ClCompile>
    <ClCompile Include="Engine\Base\Resource\BaseResourceImage.cpp">
      <Filter>Source Files\Base\Resource</Filter>
    </ClCompile>
    <ClCompile Include="Engine\Base\Resource\BaseResourceManager.cpp">
      <Filter>Source Files\Base\Resource</Filter>
    </ClCompile>
    <ClCompile Include="Engine\Base\BaseScene.cpp">
      <Filter>Source Files\Base\Scene</Filter>
    </ClCompile>
    <ClCompile Include="Engine\Base\BaseApp.cpp">
      <Filter>Source Files\Base</Filter>
    </ClCompile>
    <ClCompile Include="Engine\Base\BaseCamera.cpp">
      <Filter>Source Files\Base</Filter>
    </ClCompile>
    <ClCompile Include="Engine\Base\BaseDepthRenderTexture.cpp">
      <Filter>Source Files\Base</Filter>
    </ClCompile>
    <ClCompile Include="Engine\Base\BaseDirectCommandList.cpp">
      <Filter>Source Files\Base</Filter>
    </ClCompile>
    <ClCompile Include="Engine\Base\BaseGameObjectManager.cpp">
      <Filter>Source Files\Base</Filter>
    </ClCompile>
    <ClCompile Include="Engine\Base\BaseDrawContext.cpp">
      <Filter>Source Files\Base</Filter>
    </ClCompile>
    <ClCompile Include="Engine\Base\BaseInterfaceSerializable.cpp">
      <Filter>Source Files\Base</Filter>
    </ClCompile>
    <ClCompile Include="Engine\Base\BaseGeometry.cpp">
      <Filter>Source Files\Base</Filter>
    </ClCompile>
    <ClCompile Include="Engine\Base\BaseGUIWidget.cpp">
      <Filter>Source Files\Base</Filter>
    </ClCompile>
    <ClCompile Include="Engine\Base\BaseRenderTexture.cpp">
      <Filter>Source Files\Base</Filter>
    </ClCompile>
    <ClCompile Include="Engine\Base\BaseObject.cpp">
      <Filter>Source Files\Base</Filter>
    </ClCompile>
    <ClCompile Include="Engine\Base\BaseProject.cpp">
      <Filter>Source Files\Base</Filter>
    </ClCompile>
    <ClCompile Include="Engine\Base\BaseTransform.cpp">
      <Filter>Source Files\Base</Filter>
    </ClCompile>
    <ClCompile Include="Engine\Base\BaseUUIDGenerator.cpp">
      <Filter>Source Files\Base</Filter>
    </ClCompile>
    <ClCompile Include="Engine\Base\BaseShaderManager.cpp">
      <Filter>Source Files\Base</Filter>
    </ClCompile>
    <ClCompile Include="Engine\Core\Component\CoreMeshComponent.cpp">
      <Filter>Source Files\Core\Component</Filter>
    </ClCompile>
    <ClCompile Include="Engine\Core\Component\CoreLightComponent.cpp">
      <Filter>Source Files\Core\Component</Filter>
    </ClCompile>
    <ClCompile Include="Engine\Core\DrawContext\CoreDrawEdgeContext.cpp">
      <Filter>Source Files\Core\DrawContext</Filter>
    </ClCompile>
    <ClCompile Include="Engine\Core\DrawContext\CoreDrawBlurContext.cpp">
      <Filter>Source Files\Core\DrawContext</Filter>
    </ClCompile>
    <ClCompile Include="Engine\Core\DrawContext\CoreDrawDiffuseContext.cpp">
      <Filter>Source Files\Core\DrawContext</Filter>
    </ClCompile>
    <ClCompile Include="Engine\Core\GUI\CoreSceneWidget.cpp">
      <Filter>Source Files\Core\GUI</Filter>
    </ClCompile>
    <ClCompile Include="Engine\Core\GUI\CoreAssetWidget.cpp">
      <Filter>Source Files\Core\GUI</Filter>
    </ClCompile>
    <ClCompile Include="Engine\Core\GUI\CoreGUIManager.cpp">
      <Filter>Source Files\Core\GUI</Filter>
    </ClCompile>
    <ClCompile Include="Engine\Core\GUI\CoreHierarchyWidget.cpp">
      <Filter>Source Files\Core\GUI</Filter>
    </ClCompile>
    <ClCompile Include="Engine\Core\GUI\CoreInspectorWidget.cpp">
      <Filter>Source Files\Core\GUI</Filter>
    </ClCompile>
    <ClCompile Include="Engine\Core\Resource\CoreResourceMaterial.cpp">
      <Filter>Source Files\Core\Resource</Filter>
    </ClCompile>
    <ClCompile Include="Engine\Core\Resource\CoreResourceManager.cpp">
      <Filter>Source Files\Core\Resource</Filter>
    </ClCompile>
    <ClCompile Include="Engine\Core\CoreRenderTextureManager.cpp">
      <Filter>Source Files\Core</Filter>
    </ClCompile>
    <ClCompile Include="Engine\Core\CoreApp.cpp">
      <Filter>Source Files\Core</Filter>
    </ClCompile>
    <ClCompile Include="Engine\Core\CoreGeometry.cpp">
      <Filter>Source Files\Core</Filter>
    </ClCompile>
    <ClCompile Include="Engine\Core\CoreGeometryUtils.cpp">
      <Filter>Source Files\Core</Filter>
    </ClCompile>
    <ClCompile Include="Engine\Core\CoreLightManager.cpp">
      <Filter>Source Files\Core</Filter>
    </ClCompile>
    <ClCompile Include="Engine\ThirdParty\ImGUI\imgui_draw.cpp">
      <Filter>Source Files\ThirdParty\ImGUI</Filter>
    </ClCompile>
    <ClCompile Include="Engine\ThirdParty\ImGUI\imgui_impl_dx12.cpp">
      <Filter>Source Files\ThirdParty\ImGUI</Filter>
    </ClCompile>
    <ClCompile Include="Engine\ThirdParty\ImGUI\imgui_impl_win32.cpp">
      <Filter>Source Files\ThirdParty\ImGUI</Filter>
    </ClCompile>
    <ClCompile Include="Engine\ThirdParty\ImGUI\imgui_tables.cpp">
      <Filter>Source Files\ThirdParty\ImGUI</Filter>
    </ClCompile>
    <ClCompile Include="Engine\ThirdParty\ImGUI\imgui_widgets.cpp">
      <Filter>Source Files\ThirdParty\ImGUI</Filter>
    </ClCompile>
    <ClCompile Include="Engine\ThirdParty\ImGUI\imgui.cpp">
      <Filter>Source Files\ThirdParty\ImGUI</Filter>
    </ClCompile>
    <ClCompile Include="Engine\ThirdParty\ImGUI\imgui_demo.cpp">
      <Filter>Source Files\ThirdParty\ImGUI</Filter>
    </ClCompile>
    <ClCompile Include="Engine\DebugOut.cpp">
      <Filter>Source Files</Filter>
    </ClCompile>
    <ClCompile Include="Engine\Core\CoreMeshLoader.cpp">
      <Filter>Source Files\Core</Filter>
    </ClCompile>
    <ClCompile Include="Engine\Base\Util\FileOpenUtils.cpp">
      <Filter>Source Files\Base\Util</Filter>
    </ClCompile>
    <ClCompile Include="Engine\Core\GUI\CoreMaterialWidget.cpp">
      <Filter>Source Files\Core\GUI</Filter>
    </ClCompile>
    <ClCompile Include="Engine\Core\GUI\CoreLoggerWidget.cpp">
      <Filter>Source Files\Core\GUI</Filter>
    </ClCompile>
    <ClCompile Include="Engine\ThirdParty\RecastDetour\Recast\Source\Recast.cpp">
      <Filter>Source Files\ThirdParty\RecastDetour\Recast</Filter>
    </ClCompile>
    <ClCompile Include="Engine\ThirdParty\RecastDetour\Recast\Source\RecastAlloc.cpp">
      <Filter>Source Files\ThirdParty\RecastDetour\Recast</Filter>
    </ClCompile>
    <ClCompile Include="Engine\ThirdParty\RecastDetour\Recast\Source\RecastArea.cpp">
      <Filter>Source Files\ThirdParty\RecastDetour\Recast</Filter>
    </ClCompile>
    <ClCompile Include="Engine\ThirdParty\RecastDetour\Recast\Source\RecastAssert.cpp">
      <Filter>Source Files\ThirdParty\RecastDetour\Recast</Filter>
    </ClCompile>
    <ClCompile Include="Engine\ThirdParty\RecastDetour\Recast\Source\RecastContour.cpp">
      <Filter>Source Files\ThirdParty\RecastDetour\Recast</Filter>
    </ClCompile>
    <ClCompile Include="Engine\ThirdParty\RecastDetour\Recast\Source\RecastFilter.cpp">
      <Filter>Source Files\ThirdParty\RecastDetour\Recast</Filter>
    </ClCompile>
    <ClCompile Include="Engine\ThirdParty\RecastDetour\Recast\Source\RecastLayers.cpp">
      <Filter>Source Files\ThirdParty\RecastDetour\Recast</Filter>
    </ClCompile>
    <ClCompile Include="Engine\ThirdParty\RecastDetour\Recast\Source\RecastMesh.cpp">
      <Filter>Source Files\ThirdParty\RecastDetour\Recast</Filter>
    </ClCompile>
    <ClCompile Include="Engine\ThirdParty\RecastDetour\Recast\Source\RecastMeshDetail.cpp">
      <Filter>Source Files\ThirdParty\RecastDetour\Recast</Filter>
    </ClCompile>
    <ClCompile Include="Engine\ThirdParty\RecastDetour\Recast\Source\RecastRasterization.cpp">
      <Filter>Source Files\ThirdParty\RecastDetour\Recast</Filter>
    </ClCompile>
    <ClCompile Include="Engine\ThirdParty\RecastDetour\Recast\Source\RecastRegion.cpp">
      <Filter>Source Files\ThirdParty\RecastDetour\Recast</Filter>
    </ClCompile>
    <ClCompile Include="Engine\Core\Navigation\CoreNavigationSystem.cpp">
      <Filter>Source Files\Core\Navigation</Filter>
    </ClCompile>
  </ItemGroup>
  <ItemGroup>
    <ClInclude Include="resource.h">
      <Filter>Header Files</Filter>
    </ClInclude>
    <ClInclude Include="Engine\Base\Component\BaseComponent.h">
      <Filter>Header Files\Base\Component</Filter>
    </ClInclude>
    <ClInclude Include="Engine\Base\Component\BaseMesh.h">
      <Filter>Header Files\Base\Component</Filter>
    </ClInclude>
    <ClInclude Include="Engine\Base\BaseUploadHeap.h">
      <Filter>Header Files\Base\Heap</Filter>
    </ClInclude>
    <ClInclude Include="Engine\Base\BaseDescHeapHandle.h">
      <Filter>Header Files\Base\Heap</Filter>
    </ClInclude>
    <ClInclude Include="Engine\Base\BaseMainHeap.h">
      <Filter>Header Files\Base\Heap</Filter>
    </ClInclude>
    <ClInclude Include="Engine\Base\BaseRuntimeHeap.h">
      <Filter>Header Files\Base\Heap</Filter>
    </ClInclude>
    <ClInclude Include="Engine\Base\BaseStagedBuffer.h">
      <Filter>Header Files\Base\Heap</Filter>
    </ClInclude>
    <ClInclude Include="Engine\Base\Resource\BaseResource.h">
      <Filter>Header Files\Base\Resource</Filter>
    </ClInclude>
    <ClInclude Include="Engine\Base\Resource\BaseResourceImage.h">
      <Filter>Header Files\Base\Resource</Filter>
    </ClInclude>
    <ClInclude Include="Engine\Base\Resource\BaseResourceManager.h">
      <Filter>Header Files\Base\Resource</Filter>
    </ClInclude>
    <ClInclude Include="Engine\Base\Resource\BaseResourceMesh.h">
      <Filter>Header Files\Base\Resource</Filter>
    </ClInclude>
    <ClInclude Include="Engine\Base\BaseScene.h">
      <Filter>Header Files\Base\Scene</Filter>
    </ClInclude>
    <ClInclude Include="Engine\Base\BaseUUIDGenerator.h">
      <Filter>Header Files\Base</Filter>
    </ClInclude>
    <ClInclude Include="Engine\Base\BaseApp.h">
      <Filter>Header Files\Base</Filter>
    </ClInclude>
    <ClInclude Include="Engine\Base\BaseCamera.h">
      <Filter>Header Files\Base</Filter>
    </ClInclude>
    <ClInclude Include="Engine\Base\BaseDepthRenderTexture.h">
      <Filter>Header Files\Base</Filter>
    </ClInclude>
    <ClInclude Include="Engine\Base\BaseDirectCommandList.h">
      <Filter>Header Files\Base</Filter>
    </ClInclude>
    <ClInclude Include="Engine\Base\BaseDrawContext.h">
      <Filter>Header Files\Base</Filter>
    </ClInclude>
    <ClInclude Include="Engine\Base\BaseGameObjectManager.h">
      <Filter>Header Files\Base</Filter>
    </ClInclude>
    <ClInclude Include="Engine\Base\BaseGeometry.h">
      <Filter>Header Files\Base</Filter>
    </ClInclude>
    <ClInclude Include="Engine\Base\BaseGUIWidget.h">
      <Filter>Header Files\Base</Filter>
    </ClInclude>
    <ClInclude Include="Engine\Base\BaseInterfaceSerializable.h">
      <Filter>Header Files\Base</Filter>
    </ClInclude>
    <ClInclude Include="Engine\Base\BaseObject.h">
      <Filter>Header Files\Base</Filter>
    </ClInclude>
    <ClInclude Include="Engine\Base\BaseProject.h">
      <Filter>Header Files\Base</Filter>
    </ClInclude>
    <ClInclude Include="Engine\Base\BaseRenderTexture.h">
      <Filter>Header Files\Base</Filter>
    </ClInclude>
    <ClInclude Include="Engine\Base\BaseShaderManager.h">
      <Filter>Header Files\Base</Filter>
    </ClInclude>
    <ClInclude Include="Engine\Base\BaseTransform.h">
      <Filter>Header Files\Base</Filter>
    </ClInclude>
    <ClInclude Include="Engine\Core\Component\CoreMeshComponent.h">
      <Filter>Header Files\Core\Component</Filter>
    </ClInclude>
    <ClInclude Include="Engine\Core\Component\CoreLightComponent.h">
      <Filter>Header Files\Core\Component</Filter>
    </ClInclude>
    <ClInclude Include="Engine\Core\DrawContext\CoreDrawBlurContext.h">
      <Filter>Header Files\Core\DrawContext</Filter>
    </ClInclude>
    <ClInclude Include="Engine\Core\DrawContext\CoreDrawDiffuseContext.h">
      <Filter>Header Files\Core\DrawContext</Filter>
    </ClInclude>
    <ClInclude Include="Engine\Core\DrawContext\CoreDrawEdgeContext.h">
      <Filter>Header Files\Core\DrawContext</Filter>
    </ClInclude>
    <ClInclude Include="Engine\Core\GUI\CoreSceneWidget.h">
      <Filter>Header Files\Core\GUI</Filter>
    </ClInclude>
    <ClInclude Include="Engine\Core\GUI\CoreAssetWidget.h">
      <Filter>Header Files\Core\GUI</Filter>
    </ClInclude>
    <ClInclude Include="Engine\Core\GUI\CoreGUIManager.h">
      <Filter>Header Files\Core\GUI</Filter>
    </ClInclude>
    <ClInclude Include="Engine\Core\GUI\CoreHierarchyWidget.h">
      <Filter>Header Files\Core\GUI</Filter>
    </ClInclude>
    <ClInclude Include="Engine\Core\GUI\CoreInspectorWidget.h">
      <Filter>Header Files\Core\GUI</Filter>
    </ClInclude>
    <ClInclude Include="Engine\Core\Resource\CoreResourceManager.h">
      <Filter>Header Files\Core\Resource</Filter>
    </ClInclude>
    <ClInclude Include="Engine\Core\Resource\CoreResourceMaterial.h">
      <Filter>Header Files\Core\Resource</Filter>
    </ClInclude>
    <ClInclude Include="Engine\Core\CoreApp.h">
      <Filter>Header Files\Core</Filter>
    </ClInclude>
    <ClInclude Include="Engine\Core\CoreGeometry.h">
      <Filter>Header Files\Core</Filter>
    </ClInclude>
    <ClInclude Include="Engine\Core\CoreGeometryUtils.h">
      <Filter>Header Files\Core</Filter>
    </ClInclude>
    <ClInclude Include="Engine\Core\CoreLightManager.h">
      <Filter>Header Files\Core</Filter>
    </ClInclude>
    <ClInclude Include="Engine\Core\CoreRenderTextureManager.h">
      <Filter>Header Files\Core</Filter>
    </ClInclude>
    <ClInclude Include="Engine\Core\CoreStructs.h">
      <Filter>Header Files\Core</Filter>
    </ClInclude>
    <ClInclude Include="Engine\ThirdParty\ImGUI\imstb_rectpack.h">
      <Filter>Header Files\ThirdParty\ImGUI</Filter>
    </ClInclude>
    <ClInclude Include="Engine\ThirdParty\ImGUI\imstb_textedit.h">
      <Filter>Header Files\ThirdParty\ImGUI</Filter>
    </ClInclude>
    <ClInclude Include="Engine\ThirdParty\ImGUI\imstb_truetype.h">
      <Filter>Header Files\ThirdParty\ImGUI</Filter>
    </ClInclude>
    <ClInclude Include="Engine\ThirdParty\ImGUI\imconfig.h">
      <Filter>Header Files\ThirdParty\ImGUI</Filter>
    </ClInclude>
    <ClInclude Include="Engine\ThirdParty\ImGUI\imgui.h">
      <Filter>Header Files\ThirdParty\ImGUI</Filter>
    </ClInclude>
    <ClInclude Include="Engine\ThirdParty\ImGUI\imgui_impl_dx12.h">
      <Filter>Header Files\ThirdParty\ImGUI</Filter>
    </ClInclude>
    <ClInclude Include="Engine\ThirdParty\ImGUI\imgui_impl_win32.h">
      <Filter>Header Files\ThirdParty\ImGUI</Filter>
    </ClInclude>
    <ClInclude Include="Engine\ThirdParty\ImGUI\imgui_internal.h">
      <Filter>Header Files\ThirdParty\ImGUI</Filter>
    </ClInclude>
    <ClInclude Include="Engine\ThirdParty\d3dx12.h">
      <Filter>Header Files\ThirdParty</Filter>
    </ClInclude>
    <ClInclude Include="Engine\ThirdParty\json.h">
      <Filter>Header Files\ThirdParty</Filter>
    </ClInclude>
    <ClInclude Include="Engine\ThirdParty\tiny_obj_loader.h">
      <Filter>Header Files\ThirdParty</Filter>
    </ClInclude>
    <ClInclude Include="Engine\DebugOut.h">
      <Filter>Header Files</Filter>
    </ClInclude>
    <ClInclude Include="Engine\MathUtils.h">
      <Filter>Header Files</Filter>
    </ClInclude>
    <ClInclude Include="Engine\Base\Asset\BaseAssetNode.h">
      <Filter>Header Files\Base\Asset</Filter>
    </ClInclude>
    <ClInclude Include="Engine\Base\Asset\BaseAssetManager.h">
      <Filter>Header Files\Base\Asset</Filter>
    </ClInclude>
    <ClInclude Include="Engine\Base\Asset\BaseAssetMetadata.h">
      <Filter>Header Files\Base\Asset</Filter>
    </ClInclude>
    <ClInclude Include="Engine\Core\CoreMeshLoader.h">
      <Filter>Header Files\Core</Filter>
    </ClInclude>
    <ClInclude Include="Engine\Base\Util\FileOpenUtils.h">
      <Filter>Header Files\Util</Filter>
    </ClInclude>
    <ClInclude Include="Engine\Core\GUI\CoreMaterialWidget.h">
      <Filter>Header Files\Core\GUI</Filter>
    </ClInclude>
    <ClInclude Include="Engine\ThirdParty\spdlog\async.h">
      <Filter>Header Files\ThirdParty\spdlog</Filter>
    </ClInclude>
    <ClInclude Include="Engine\ThirdParty\spdlog\async_logger-inl.h">
      <Filter>Header Files\ThirdParty\spdlog</Filter>
    </ClInclude>
    <ClInclude Include="Engine\ThirdParty\spdlog\async_logger.h">
      <Filter>Header Files\ThirdParty\spdlog</Filter>
    </ClInclude>
    <ClInclude Include="Engine\ThirdParty\spdlog\cfg\argv.h">
      <Filter>Header Files\ThirdParty\spdlog</Filter>
    </ClInclude>
    <ClInclude Include="Engine\ThirdParty\spdlog\cfg\env.h">
      <Filter>Header Files\ThirdParty\spdlog</Filter>
    </ClInclude>
    <ClInclude Include="Engine\ThirdParty\spdlog\cfg\helpers-inl.h">
      <Filter>Header Files\ThirdParty\spdlog</Filter>
    </ClInclude>
    <ClInclude Include="Engine\ThirdParty\spdlog\cfg\helpers.h">
      <Filter>Header Files\ThirdParty\spdlog</Filter>
    </ClInclude>
    <ClInclude Include="Engine\ThirdParty\spdlog\common-inl.h">
      <Filter>Header Files\ThirdParty\spdlog</Filter>
    </ClInclude>
    <ClInclude Include="Engine\ThirdParty\spdlog\common.h">
      <Filter>Header Files\ThirdParty\spdlog</Filter>
    </ClInclude>
    <ClInclude Include="Engine\ThirdParty\spdlog\details\backtracer-inl.h">
      <Filter>Header Files\ThirdParty\spdlog</Filter>
    </ClInclude>
    <ClInclude Include="Engine\ThirdParty\spdlog\details\backtracer.h">
      <Filter>Header Files\ThirdParty\spdlog</Filter>
    </ClInclude>
    <ClInclude Include="Engine\ThirdParty\spdlog\details\circular_q.h">
      <Filter>Header Files\ThirdParty\spdlog</Filter>
    </ClInclude>
    <ClInclude Include="Engine\ThirdParty\spdlog\details\console_globals.h">
      <Filter>Header Files\ThirdParty\spdlog</Filter>
    </ClInclude>
    <ClInclude Include="Engine\ThirdParty\spdlog\details\file_helper-inl.h">
      <Filter>Header Files\ThirdParty\spdlog</Filter>
    </ClInclude>
    <ClInclude Include="Engine\ThirdParty\spdlog\details\file_helper.h">
      <Filter>Header Files\ThirdParty\spdlog</Filter>
    </ClInclude>
    <ClInclude Include="Engine\ThirdParty\spdlog\details\fmt_helper.h">
      <Filter>Header Files\ThirdParty\spdlog</Filter>
    </ClInclude>
    <ClInclude Include="Engine\ThirdParty\spdlog\details\log_msg-inl.h">
      <Filter>Header Files\ThirdParty\spdlog</Filter>
    </ClInclude>
    <ClInclude Include="Engine\ThirdParty\spdlog\details\log_msg.h">
      <Filter>Header Files\ThirdParty\spdlog</Filter>
    </ClInclude>
    <ClInclude Include="Engine\ThirdParty\spdlog\details\log_msg_buffer-inl.h">
      <Filter>Header Files\ThirdParty\spdlog</Filter>
    </ClInclude>
    <ClInclude Include="Engine\ThirdParty\spdlog\details\log_msg_buffer.h">
      <Filter>Header Files\ThirdParty\spdlog</Filter>
    </ClInclude>
    <ClInclude Include="Engine\ThirdParty\spdlog\details\mpmc_blocking_q.h">
      <Filter>Header Files\ThirdParty\spdlog</Filter>
    </ClInclude>
    <ClInclude Include="Engine\ThirdParty\spdlog\details\null_mutex.h">
      <Filter>Header Files\ThirdParty\spdlog</Filter>
    </ClInclude>
    <ClInclude Include="Engine\ThirdParty\spdlog\details\os-inl.h">
      <Filter>Header Files\ThirdParty\spdlog</Filter>
    </ClInclude>
    <ClInclude Include="Engine\ThirdParty\spdlog\details\os.h">
      <Filter>Header Files\ThirdParty\spdlog</Filter>
    </ClInclude>
    <ClInclude Include="Engine\ThirdParty\spdlog\details\periodic_worker-inl.h">
      <Filter>Header Files\ThirdParty\spdlog</Filter>
    </ClInclude>
    <ClInclude Include="Engine\ThirdParty\spdlog\details\periodic_worker.h">
      <Filter>Header Files\ThirdParty\spdlog</Filter>
    </ClInclude>
    <ClInclude Include="Engine\ThirdParty\spdlog\details\registry-inl.h">
      <Filter>Header Files\ThirdParty\spdlog</Filter>
    </ClInclude>
    <ClInclude Include="Engine\ThirdParty\spdlog\details\registry.h">
      <Filter>Header Files\ThirdParty\spdlog</Filter>
    </ClInclude>
    <ClInclude Include="Engine\ThirdParty\spdlog\details\synchronous_factory.h">
      <Filter>Header Files\ThirdParty\spdlog</Filter>
    </ClInclude>
    <ClInclude Include="Engine\ThirdParty\spdlog\details\tcp_client-windows.h">
      <Filter>Header Files\ThirdParty\spdlog</Filter>
    </ClInclude>
    <ClInclude Include="Engine\ThirdParty\spdlog\details\tcp_client.h">
      <Filter>Header Files\ThirdParty\spdlog</Filter>
    </ClInclude>
    <ClInclude Include="Engine\ThirdParty\spdlog\details\thread_pool-inl.h">
      <Filter>Header Files\ThirdParty\spdlog</Filter>
    </ClInclude>
    <ClInclude Include="Engine\ThirdParty\spdlog\details\thread_pool.h">
      <Filter>Header Files\ThirdParty\spdlog</Filter>
    </ClInclude>
    <ClInclude Include="Engine\ThirdParty\spdlog\details\udp_client-windows.h">
      <Filter>Header Files\ThirdParty\spdlog</Filter>
    </ClInclude>
    <ClInclude Include="Engine\ThirdParty\spdlog\details\udp_client.h">
      <Filter>Header Files\ThirdParty\spdlog</Filter>
    </ClInclude>
    <ClInclude Include="Engine\ThirdParty\spdlog\details\windows_include.h">
      <Filter>Header Files\ThirdParty\spdlog</Filter>
    </ClInclude>
    <ClInclude Include="Engine\ThirdParty\spdlog\fmt\bin_to_hex.h">
      <Filter>Header Files\ThirdParty\spdlog</Filter>
    </ClInclude>
    <ClInclude Include="Engine\ThirdParty\spdlog\fmt\bundled\args.h">
      <Filter>Header Files\ThirdParty\spdlog</Filter>
    </ClInclude>
    <ClInclude Include="Engine\ThirdParty\spdlog\fmt\bundled\chrono.h">
      <Filter>Header Files\ThirdParty\spdlog</Filter>
    </ClInclude>
    <ClInclude Include="Engine\ThirdParty\spdlog\fmt\bundled\color.h">
      <Filter>Header Files\ThirdParty\spdlog</Filter>
    </ClInclude>
    <ClInclude Include="Engine\ThirdParty\spdlog\fmt\bundled\compile.h">
      <Filter>Header Files\ThirdParty\spdlog</Filter>
    </ClInclude>
    <ClInclude Include="Engine\ThirdParty\spdlog\fmt\bundled\core.h">
      <Filter>Header Files\ThirdParty\spdlog</Filter>
    </ClInclude>
    <ClInclude Include="Engine\ThirdParty\spdlog\fmt\bundled\format-inl.h">
      <Filter>Header Files\ThirdParty\spdlog</Filter>
    </ClInclude>
    <ClInclude Include="Engine\ThirdParty\spdlog\fmt\bundled\format.h">
      <Filter>Header Files\ThirdParty\spdlog</Filter>
    </ClInclude>
    <ClInclude Include="Engine\ThirdParty\spdlog\fmt\bundled\locale.h">
      <Filter>Header Files\ThirdParty\spdlog</Filter>
    </ClInclude>
    <ClInclude Include="Engine\ThirdParty\spdlog\fmt\bundled\os.h">
      <Filter>Header Files\ThirdParty\spdlog</Filter>
    </ClInclude>
    <ClInclude Include="Engine\ThirdParty\spdlog\fmt\bundled\ostream.h">
      <Filter>Header Files\ThirdParty\spdlog</Filter>
    </ClInclude>
    <ClInclude Include="Engine\ThirdParty\spdlog\fmt\bundled\printf.h">
      <Filter>Header Files\ThirdParty\spdlog</Filter>
    </ClInclude>
    <ClInclude Include="Engine\ThirdParty\spdlog\fmt\bundled\ranges.h">
      <Filter>Header Files\ThirdParty\spdlog</Filter>
    </ClInclude>
    <ClInclude Include="Engine\ThirdParty\spdlog\fmt\bundled\xchar.h">
      <Filter>Header Files\ThirdParty\spdlog</Filter>
    </ClInclude>
    <ClInclude Include="Engine\ThirdParty\spdlog\fmt\chrono.h">
      <Filter>Header Files\ThirdParty\spdlog</Filter>
    </ClInclude>
    <ClInclude Include="Engine\ThirdParty\spdlog\fmt\compile.h">
      <Filter>Header Files\ThirdParty\spdlog</Filter>
    </ClInclude>
    <ClInclude Include="Engine\ThirdParty\spdlog\fmt\fmt.h">
      <Filter>Header Files\ThirdParty\spdlog</Filter>
    </ClInclude>
    <ClInclude Include="Engine\ThirdParty\spdlog\fmt\ostr.h">
      <Filter>Header Files\ThirdParty\spdlog</Filter>
    </ClInclude>
    <ClInclude Include="Engine\ThirdParty\spdlog\fmt\ranges.h">
      <Filter>Header Files\ThirdParty\spdlog</Filter>
    </ClInclude>
    <ClInclude Include="Engine\ThirdParty\spdlog\fmt\xchar.h">
      <Filter>Header Files\ThirdParty\spdlog</Filter>
    </ClInclude>
    <ClInclude Include="Engine\ThirdParty\spdlog\formatter.h">
      <Filter>Header Files\ThirdParty\spdlog</Filter>
    </ClInclude>
    <ClInclude Include="Engine\ThirdParty\spdlog\fwd.h">
      <Filter>Header Files\ThirdParty\spdlog</Filter>
    </ClInclude>
    <ClInclude Include="Engine\ThirdParty\spdlog\logger-inl.h">
      <Filter>Header Files\ThirdParty\spdlog</Filter>
    </ClInclude>
    <ClInclude Include="Engine\ThirdParty\spdlog\logger.h">
      <Filter>Header Files\ThirdParty\spdlog</Filter>
    </ClInclude>
    <ClInclude Include="Engine\ThirdParty\spdlog\pattern_formatter-inl.h">
      <Filter>Header Files\ThirdParty\spdlog</Filter>
    </ClInclude>
    <ClInclude Include="Engine\ThirdParty\spdlog\pattern_formatter.h">
      <Filter>Header Files\ThirdParty\spdlog</Filter>
    </ClInclude>
    <ClInclude Include="Engine\ThirdParty\spdlog\sinks\android_sink.h">
      <Filter>Header Files\ThirdParty\spdlog</Filter>
    </ClInclude>
    <ClInclude Include="Engine\ThirdParty\spdlog\sinks\ansicolor_sink-inl.h">
      <Filter>Header Files\ThirdParty\spdlog</Filter>
    </ClInclude>
    <ClInclude Include="Engine\ThirdParty\spdlog\sinks\ansicolor_sink.h">
      <Filter>Header Files\ThirdParty\spdlog</Filter>
    </ClInclude>
    <ClInclude Include="Engine\ThirdParty\spdlog\sinks\base_sink-inl.h">
      <Filter>Header Files\ThirdParty\spdlog</Filter>
    </ClInclude>
    <ClInclude Include="Engine\ThirdParty\spdlog\sinks\base_sink.h">
      <Filter>Header Files\ThirdParty\spdlog</Filter>
    </ClInclude>
    <ClInclude Include="Engine\ThirdParty\spdlog\sinks\basic_file_sink-inl.h">
      <Filter>Header Files\ThirdParty\spdlog</Filter>
    </ClInclude>
    <ClInclude Include="Engine\ThirdParty\spdlog\sinks\basic_file_sink.h">
      <Filter>Header Files\ThirdParty\spdlog</Filter>
    </ClInclude>
    <ClInclude Include="Engine\ThirdParty\spdlog\sinks\daily_file_sink.h">
      <Filter>Header Files\ThirdParty\spdlog</Filter>
    </ClInclude>
    <ClInclude Include="Engine\ThirdParty\spdlog\sinks\dist_sink.h">
      <Filter>Header Files\ThirdParty\spdlog</Filter>
    </ClInclude>
    <ClInclude Include="Engine\ThirdParty\spdlog\sinks\dup_filter_sink.h">
      <Filter>Header Files\ThirdParty\spdlog</Filter>
    </ClInclude>
    <ClInclude Include="Engine\ThirdParty\spdlog\sinks\hourly_file_sink.h">
      <Filter>Header Files\ThirdParty\spdlog</Filter>
    </ClInclude>
    <ClInclude Include="Engine\ThirdParty\spdlog\sinks\mongo_sink.h">
      <Filter>Header Files\ThirdParty\spdlog</Filter>
    </ClInclude>
    <ClInclude Include="Engine\ThirdParty\spdlog\sinks\msvc_sink.h">
      <Filter>Header Files\ThirdParty\spdlog</Filter>
    </ClInclude>
    <ClInclude Include="Engine\ThirdParty\spdlog\sinks\null_sink.h">
      <Filter>Header Files\ThirdParty\spdlog</Filter>
    </ClInclude>
    <ClInclude Include="Engine\ThirdParty\spdlog\sinks\ostream_sink.h">
      <Filter>Header Files\ThirdParty\spdlog</Filter>
    </ClInclude>
    <ClInclude Include="Engine\ThirdParty\spdlog\sinks\qt_sinks.h">
      <Filter>Header Files\ThirdParty\spdlog</Filter>
    </ClInclude>
    <ClInclude Include="Engine\ThirdParty\spdlog\sinks\ringbuffer_sink.h">
      <Filter>Header Files\ThirdParty\spdlog</Filter>
    </ClInclude>
    <ClInclude Include="Engine\ThirdParty\spdlog\sinks\rotating_file_sink-inl.h">
      <Filter>Header Files\ThirdParty\spdlog</Filter>
    </ClInclude>
    <ClInclude Include="Engine\ThirdParty\spdlog\sinks\rotating_file_sink.h">
      <Filter>Header Files\ThirdParty\spdlog</Filter>
    </ClInclude>
    <ClInclude Include="Engine\ThirdParty\spdlog\sinks\sink-inl.h">
      <Filter>Header Files\ThirdParty\spdlog</Filter>
    </ClInclude>
    <ClInclude Include="Engine\ThirdParty\spdlog\sinks\sink.h">
      <Filter>Header Files\ThirdParty\spdlog</Filter>
    </ClInclude>
    <ClInclude Include="Engine\ThirdParty\spdlog\sinks\stdout_color_sinks-inl.h">
      <Filter>Header Files\ThirdParty\spdlog</Filter>
    </ClInclude>
    <ClInclude Include="Engine\ThirdParty\spdlog\sinks\stdout_color_sinks.h">
      <Filter>Header Files\ThirdParty\spdlog</Filter>
    </ClInclude>
    <ClInclude Include="Engine\ThirdParty\spdlog\sinks\stdout_sinks-inl.h">
      <Filter>Header Files\ThirdParty\spdlog</Filter>
    </ClInclude>
    <ClInclude Include="Engine\ThirdParty\spdlog\sinks\stdout_sinks.h">
      <Filter>Header Files\ThirdParty\spdlog</Filter>
    </ClInclude>
    <ClInclude Include="Engine\ThirdParty\spdlog\sinks\syslog_sink.h">
      <Filter>Header Files\ThirdParty\spdlog</Filter>
    </ClInclude>
    <ClInclude Include="Engine\ThirdParty\spdlog\sinks\systemd_sink.h">
      <Filter>Header Files\ThirdParty\spdlog</Filter>
    </ClInclude>
    <ClInclude Include="Engine\ThirdParty\spdlog\sinks\tcp_sink.h">
      <Filter>Header Files\ThirdParty\spdlog</Filter>
    </ClInclude>
    <ClInclude Include="Engine\ThirdParty\spdlog\sinks\udp_sink.h">
      <Filter>Header Files\ThirdParty\spdlog</Filter>
    </ClInclude>
    <ClInclude Include="Engine\ThirdParty\spdlog\sinks\wincolor_sink-inl.h">
      <Filter>Header Files\ThirdParty\spdlog</Filter>
    </ClInclude>
    <ClInclude Include="Engine\ThirdParty\spdlog\sinks\wincolor_sink.h">
      <Filter>Header Files\ThirdParty\spdlog</Filter>
    </ClInclude>
    <ClInclude Include="Engine\ThirdParty\spdlog\sinks\win_eventlog_sink.h">
      <Filter>Header Files\ThirdParty\spdlog</Filter>
    </ClInclude>
    <ClInclude Include="Engine\ThirdParty\spdlog\spdlog-inl.h">
      <Filter>Header Files\ThirdParty\spdlog</Filter>
    </ClInclude>
    <ClInclude Include="Engine\ThirdParty\spdlog\spdlog.h">
      <Filter>Header Files\ThirdParty\spdlog</Filter>
    </ClInclude>
    <ClInclude Include="Engine\ThirdParty\spdlog\stopwatch.h">
      <Filter>Header Files\ThirdParty\spdlog</Filter>
    </ClInclude>
    <ClInclude Include="Engine\ThirdParty\spdlog\tweakme.h">
      <Filter>Header Files\ThirdParty\spdlog</Filter>
    </ClInclude>
    <ClInclude Include="Engine\ThirdParty\spdlog\version.h">
      <Filter>Header Files\ThirdParty\spdlog</Filter>
    </ClInclude>
    <ClInclude Include="Engine\Core\GUI\CoreLoggerWidget.h">
      <Filter>Header Files\Core\GUI</Filter>
    </ClInclude>
    <ClInclude Include="Engine\ThirdParty\RecastDetour\Recast\Include\Recast.h">
      <Filter>Header Files\ThirdParty\RecastDetour\Recast</Filter>
    </ClInclude>
    <ClInclude Include="Engine\ThirdParty\RecastDetour\Recast\Include\RecastAlloc.h">
      <Filter>Header Files\ThirdParty\RecastDetour\Recast</Filter>
    </ClInclude>
    <ClInclude Include="Engine\ThirdParty\RecastDetour\Recast\Include\RecastAssert.h">
      <Filter>Header Files\ThirdParty\RecastDetour\Recast</Filter>
    </ClInclude>
    <ClInclude Include="Engine\Core\Navigation\CoreNavigationSystem.h">
      <Filter>Header Files\Core\Navigation</Filter>
    </ClInclude>
  </ItemGroup>
  <ItemGroup>
    <None Include="packages.config" />
  </ItemGroup>
</Project>