<?xml version="1.0" encoding="utf-8"?>
<Project ToolsVersion="4.0" xmlns="http://schemas.microsoft.com/developer/msbuild/2003">
  <ItemGroup>
    <Filter Include="Source Files">
      <UniqueIdentifier>{4FC737F1-C7A5-4376-A066-2A32D752A2FF}</UniqueIdentifier>
      <Extensions>cpp;c;cc;cxx;c++;cppm;ixx;def;odl;idl;hpj;bat;asm;asmx</Extensions>
    </Filter>
    <Filter Include="Header Files">
      <UniqueIdentifier>{93995380-89BD-4b04-88EB-625FBE52EBFB}</UniqueIdentifier>
      <Extensions>h;hh;hpp;hxx;h++;hm;inl;inc;ipp;xsd</Extensions>
    </Filter>
    <Filter Include="Resource Files">
      <UniqueIdentifier>{67DA6AB6-F800-4c08-8B7A-83BB121AAD01}</UniqueIdentifier>
      <Extensions>rc;ico;cur;bmp;dlg;rc2;rct;bin;rgs;gif;jpg;jpeg;jpe;resx;tiff;tif;png;wav;mfcribbon-ms</Extensions>
    </Filter>
    <Filter Include="Header Files\Base">
      <UniqueIdentifier>{d48f68ce-e759-432e-b59c-fe2fddeedd73}</UniqueIdentifier>
    </Filter>
    <Filter Include="Source Files\Base">
      <UniqueIdentifier>{837c7bbc-934f-47c5-a17e-ac2b1d512d3e}</UniqueIdentifier>
    </Filter>
    <Filter Include="Header Files\ThirdParty">
      <UniqueIdentifier>{1bff1885-dddd-4872-8b13-871086bff4eb}</UniqueIdentifier>
    </Filter>
    <Filter Include="Header Files\ThirdParty\ImGUI">
      <UniqueIdentifier>{e316a0b9-6bbe-47e8-af09-45df2a51716e}</UniqueIdentifier>
    </Filter>
    <Filter Include="Source Files\ThirdParty">
      <UniqueIdentifier>{89f41bb7-dbeb-4f82-b83a-3f4f3dc20992}</UniqueIdentifier>
    </Filter>
    <Filter Include="Source Files\ThirdParty\ImGUI">
      <UniqueIdentifier>{1ae9bb38-19c5-4fcb-8ea7-b32aca2b2b26}</UniqueIdentifier>
    </Filter>
    <Filter Include="Header Files\Core">
      <UniqueIdentifier>{688ac4f2-fc39-4157-90f0-fde56534b7d8}</UniqueIdentifier>
    </Filter>
    <Filter Include="Source Files\Core">
      <UniqueIdentifier>{282c9305-8f0a-47ff-a87a-6018ceefa380}</UniqueIdentifier>
    </Filter>
    <Filter Include="Header Files\Base\Component">
      <UniqueIdentifier>{26117c94-991a-4141-9fbb-af1e0138ee1b}</UniqueIdentifier>
    </Filter>
    <Filter Include="Source Files\Base\Component">
      <UniqueIdentifier>{fd765d43-6285-4bd6-ab28-7d8697295982}</UniqueIdentifier>
    </Filter>
  </ItemGroup>
  <ItemGroup>
    <ClCompile Include="MultiObj.cpp">
      <Filter>Source Files</Filter>
    </ClCompile>
    <ClCompile Include="DebugOut.cpp">
      <Filter>Source Files\Base</Filter>
    </ClCompile>
    <ClCompile Include="Main.cpp">
      <Filter>Source Files</Filter>
    </ClCompile>
    <ClCompile Include="ThirdParty\ImGUI\imgui.cpp">
      <Filter>Header Files\ThirdParty\ImGUI</Filter>
    </ClCompile>
    <ClCompile Include="ThirdParty\ImGUI\imgui_draw.cpp">
      <Filter>Source Files\ThirdParty\ImGUI</Filter>
    </ClCompile>
    <ClCompile Include="ThirdParty\ImGUI\imgui_impl_dx12.cpp">
      <Filter>Source Files\ThirdParty\ImGUI</Filter>
    </ClCompile>
    <ClCompile Include="ThirdParty\ImGUI\imgui_impl_win32.cpp">
      <Filter>Source Files\ThirdParty\ImGUI</Filter>
    </ClCompile>
    <ClCompile Include="ThirdParty\ImGUI\imgui_widgets.cpp">
      <Filter>Source Files\ThirdParty\ImGUI</Filter>
    </ClCompile>
    <ClCompile Include="ThirdParty\ImGUI\imgui_tables.cpp">
      <Filter>Source Files\ThirdParty\ImGUI</Filter>
    </ClCompile>
    <ClCompile Include="Base\BaseCamera.cpp">
      <Filter>Source Files</Filter>
    </ClCompile>
    <ClCompile Include="Base\BaseApp.cpp">
      <Filter>Source Files\Base</Filter>
    </ClCompile>
    <ClCompile Include="Base\BaseDrawContext.cpp">
      <Filter>Source Files\Base</Filter>
    </ClCompile>
    <ClCompile Include="Base\BaseGeometry.cpp">
      <Filter>Source Files\Base</Filter>
    </ClCompile>
    <ClCompile Include="Base\BaseImage.cpp">
      <Filter>Source Files\Base</Filter>
    </ClCompile>
    <ClCompile Include="Base\BaseMainHeap.cpp">
      <Filter>Source Files\Base</Filter>
    </ClCompile>
    <ClCompile Include="Base\BaseObject.cpp">
      <Filter>Source Files\Base</Filter>
    </ClCompile>
    <ClCompile Include="Base\BaseUploadHeap.cpp">
      <Filter>Source Files\Base</Filter>
    </ClCompile>
    <ClCompile Include="Core\CoreApp.cpp">
      <Filter>Source Files\Core</Filter>
    </ClCompile>
    <ClCompile Include="Base\BaseShaderManager.cpp">
      <Filter>Source Files\Base</Filter>
    </ClCompile>
    <ClCompile Include="Base\BaseTransform.cpp">
      <Filter>Source Files\Base</Filter>
    </ClCompile>
    <ClCompile Include="Base\Component\BaseComponent.cpp">
      <Filter>Source Files\Base\Component</Filter>
    </ClCompile>
    <ClCompile Include="Base\Component\BaseMeshComponent.cpp">
      <Filter>Source Files\Base\Component</Filter>
    </ClCompile>
    <ClCompile Include="Core\CoreGeometry.cpp">
      <Filter>Source Files\Core</Filter>
    </ClCompile>
    <ClCompile Include="Core\CoreGeometryUtils.cpp">
      <Filter>Source Files\Core</Filter>
    </ClCompile>
    <ClCompile Include="Base\BaseDirectCommandList.cpp">
      <Filter>Source Files\Base</Filter>
    </ClCompile>
  </ItemGroup>
  <ItemGroup>
    <ClInclude Include="resource.h">
      <Filter>Header Files</Filter>
    </ClInclude>
    <ClInclude Include="DebugOut.h">
      <Filter>Header Files\Base</Filter>
    </ClInclude>
    <ClInclude Include="MathUtils.h">
      <Filter>Header Files\Base</Filter>
    </ClInclude>
    <ClInclude Include="MultiObj.h">
      <Filter>Header Files</Filter>
    </ClInclude>
    <ClInclude Include="ThirdParty\tiny_obj_loader.h">
      <Filter>Header Files\ThirdParty</Filter>
    </ClInclude>
    <ClInclude Include="ThirdParty\ImGUI\imgui_internal.h">
      <Filter>Header Files\ThirdParty\ImGUI</Filter>
    </ClInclude>
    <ClInclude Include="ThirdParty\ImGUI\imstb_rectpack.h">
      <Filter>Header Files\ThirdParty\ImGUI</Filter>
    </ClInclude>
    <ClInclude Include="ThirdParty\ImGUI\imstb_textedit.h">
      <Filter>Header Files\ThirdParty\ImGUI</Filter>
    </ClInclude>
    <ClInclude Include="ThirdParty\ImGUI\imstb_truetype.h">
      <Filter>Header Files\ThirdParty\ImGUI</Filter>
    </ClInclude>
    <ClInclude Include="ThirdParty\ImGUI\imconfig.h">
      <Filter>Header Files\ThirdParty\ImGUI</Filter>
    </ClInclude>
    <ClInclude Include="ThirdParty\ImGUI\imgui.h">
      <Filter>Header Files\ThirdParty\ImGUI</Filter>
    </ClInclude>
    <ClInclude Include="ThirdParty\ImGUI\imgui_impl_dx12.h">
      <Filter>Header Files\ThirdParty\ImGUI</Filter>
    </ClInclude>
    <ClInclude Include="ThirdParty\ImGUI\imgui_impl_win32.h">
      <Filter>Header Files\ThirdParty\ImGUI</Filter>
    </ClInclude>
    <ClInclude Include="Base\BaseApp.h">
      <Filter>Header Files\Base</Filter>
    </ClInclude>
    <ClInclude Include="Base\BaseCamera.h">
      <Filter>Header Files\Base</Filter>
    </ClInclude>
    <ClInclude Include="Base\BaseUploadHeap.h">
      <Filter>Header Files\Base</Filter>
    </ClInclude>
    <ClInclude Include="Base\BaseDrawContext.h">
      <Filter>Header Files\Base</Filter>
    </ClInclude>
    <ClInclude Include="Base\BaseGeometry.h">
      <Filter>Header Files\Base</Filter>
    </ClInclude>
    <ClInclude Include="Base\BaseImage.h">
      <Filter>Header Files\Base</Filter>
    </ClInclude>
    <ClInclude Include="Base\BaseMainHeap.h">
      <Filter>Header Files\Base</Filter>
    </ClInclude>
    <ClInclude Include="Base\BaseObject.h">
      <Filter>Header Files\Base</Filter>
    </ClInclude>
    <ClInclude Include="ThirdParty\d3dx12.h">
      <Filter>Header Files\ThirdParty</Filter>
    </ClInclude>
    <ClInclude Include="Core\CoreApp.h">
      <Filter>Header Files\Core</Filter>
    </ClInclude>
    <ClInclude Include="Base\BaseShaderManager.h">
      <Filter>Header Files\Base</Filter>
    </ClInclude>
    <ClInclude Include="Base\BaseTransform.h">
      <Filter>Header Files\Base</Filter>
    </ClInclude>
    <ClInclude Include="Base\Component\BaseComponent.h">
      <Filter>Header Files\Base\Component</Filter>
    </ClInclude>
    <ClInclude Include="Base\Component\BaseMeshComponent.h">
      <Filter>Header Files\Base\Component</Filter>
    </ClInclude>
    <ClInclude Include="Core\CoreGeometryUtils.h">
      <Filter>Header Files\Core</Filter>
    </ClInclude>
    <ClInclude Include="Core\CoreGeometry.h">
      <Filter>Header Files\Core</Filter>
    </ClInclude>
    <ClInclude Include="Base\BaseDirectCommandList.h">
      <Filter>Header Files\Base</Filter>
    </ClInclude>
  </ItemGroup>
  <ItemGroup>
    <FxCompile Include="VertexShader.hlsl">
      <Filter>Source Files</Filter>
    </FxCompile>
    <FxCompile Include="PixelShader.hlsl">
      <Filter>Source Files</Filter>
    </FxCompile>
  </ItemGroup>
  <ItemGroup>
    <Image Include="Asset\grass.jpg">
      <Filter>Resource Files</Filter>
    </Image>
  </ItemGroup>
</Project>